<?xml version="1.0" encoding="utf-8"?>
<Project ToolsVersion="4.0" xmlns="http://schemas.microsoft.com/developer/msbuild/2003">
  <ItemGroup>
    <ClCompile Include="Application.cpp">
      <Filter>Framework</Filter>
    </ClCompile>
    <ClCompile Include="Base.cpp">
      <Filter>Framework</Filter>
    </ClCompile>
    <ClCompile Include="Component.cpp">
      <Filter>Framework</Filter>
    </ClCompile>
    <ClCompile Include="Object.cpp">
      <Filter>Framework</Filter>
    </ClCompile>
    <ClCompile Include="Scenario.cpp">
      <Filter>Framework</Filter>
    </ClCompile>
    <ClCompile Include="Scene.cpp">
      <Filter>Framework</Filter>
    </ClCompile>
    <ClCompile Include="Utility.cpp">
      <Filter>Framework</Filter>
    </ClCompile>
    <ClCompile Include="D3D11RHI.cpp">
      <Filter>D3D11</Filter>
    </ClCompile>
    <ClCompile Include="External\xml\tinyxml2.cpp">
      <Filter>External\xml</Filter>
    </ClCompile>
    <ClCompile Include="External\imgui\imgui.cpp">
      <Filter>External\imgui</Filter>
    </ClCompile>
    <ClCompile Include="External\imgui\imgui_demo.cpp">
      <Filter>External\imgui</Filter>
    </ClCompile>
    <ClCompile Include="External\imgui\imgui_draw.cpp">
      <Filter>External\imgui</Filter>
    </ClCompile>
    <ClCompile Include="External\imgui\backends\imgui_impl_dx11.cpp">
      <Filter>External\imgui</Filter>
    </ClCompile>
    <ClCompile Include="External\imgui\backends\imgui_impl_win32.cpp">
      <Filter>External\imgui</Filter>
    </ClCompile>
    <ClCompile Include="External\imgui\imgui_tables.cpp">
      <Filter>External\imgui</Filter>
    </ClCompile>
    <ClCompile Include="External\imgui\imgui_widgets.cpp">
      <Filter>External\imgui</Filter>
    </ClCompile>
    <ClCompile Include="D3D11Camera.cpp">
      <Filter>D3D11</Filter>
    </ClCompile>
  </ItemGroup>
  <ItemGroup>
    <ClInclude Include="Application.h">
      <Filter>Framework</Filter>
    </ClInclude>
    <ClInclude Include="Base.h">
      <Filter>Framework</Filter>
    </ClInclude>
    <ClInclude Include="Component.h">
      <Filter>Framework</Filter>
    </ClInclude>
    <ClInclude Include="dotth.h">
      <Filter>Framework</Filter>
    </ClInclude>
    <ClInclude Include="Node.h">
      <Filter>Framework</Filter>
    </ClInclude>
    <ClInclude Include="Object.h">
      <Filter>Framework</Filter>
    </ClInclude>
    <ClInclude Include="Scenario.h">
      <Filter>Framework</Filter>
    </ClInclude>
    <ClInclude Include="Scene.h">
      <Filter>Framework</Filter>
    </ClInclude>
    <ClInclude Include="SingleInstance.h">
      <Filter>Framework</Filter>
    </ClInclude>
    <ClInclude Include="Utility.h">
      <Filter>Framework</Filter>
    </ClInclude>
    <ClInclude Include="D3D11RHI.h">
      <Filter>D3D11</Filter>
    </ClInclude>
    <ClInclude Include="External\cpplinq\cpplinq.h">
      <Filter>External\cpplinq</Filter>
    </ClInclude>
    <ClInclude Include="External\json\json.hpp">
      <Filter>External\json</Filter>
    </ClInclude>
    <ClInclude Include="External\xml\tinyxml2.h">
      <Filter>External\xml</Filter>
    </ClInclude>
    <ClInclude Include="External\task\task.h">
      <Filter>External\task</Filter>
    </ClInclude>
    <ClInclude Include="External\imgui\imconfig.h">
      <Filter>External\imgui</Filter>
    </ClInclude>
    <ClInclude Include="External\imgui\imgui.h">
      <Filter>External\imgui</Filter>
    </ClInclude>
    <ClInclude Include="External\imgui\backends\imgui_impl_dx11.h">
      <Filter>External\imgui</Filter>
    </ClInclude>
    <ClInclude Include="External\imgui\backends\imgui_impl_win32.h">
      <Filter>External\imgui</Filter>
    </ClInclude>
    <ClInclude Include="External\imgui\imgui_internal.h">
      <Filter>External\imgui</Filter>
    </ClInclude>
    <ClInclude Include="External\imgui\imstb_rectpack.h">
      <Filter>External\imgui</Filter>
    </ClInclude>
    <ClInclude Include="External\imgui\imstb_textedit.h">
      <Filter>External\imgui</Filter>
    </ClInclude>
    <ClInclude Include="External\imgui\imstb_truetype.h">
      <Filter>External\imgui</Filter>
    </ClInclude>
    <ClInclude Include="D3D11Camera.h">
      <Filter>D3D11</Filter>
    </ClInclude>
    <ClInclude Include="D3D11.h">
      <Filter>D3D11</Filter>
    </ClInclude>
  </ItemGroup>
  <ItemGroup>
    <Filter Include="Framework">
      <UniqueIdentifier>{58fc71aa-20f1-47b9-8395-ca2aa5e02a5b}</UniqueIdentifier>
    </Filter>
    <Filter Include="D3D11">
      <UniqueIdentifier>{32fecfc4-7362-49a4-9c99-bfad5178d5d9}</UniqueIdentifier>
    </Filter>
    <Filter Include="External">
      <UniqueIdentifier>{dfc78b93-d5ac-44cc-9931-a4fe9c1593fe}</UniqueIdentifier>
    </Filter>
    <Filter Include="External\cpplinq">
      <UniqueIdentifier>{5a2d9333-c097-4f58-a73b-f01b15177da5}</UniqueIdentifier>
    </Filter>
    <Filter Include="External\imgui">
      <UniqueIdentifier>{9283f0e7-d13c-4781-b3d3-89ff8d7c9a46}</UniqueIdentifier>
    </Filter>
    <Filter Include="External\json">
      <UniqueIdentifier>{94bc7b08-4ed0-4fa8-9222-481957929eb0}</UniqueIdentifier>
    </Filter>
    <Filter Include="External\task">
      <UniqueIdentifier>{245ecaf1-2341-4b8c-93e3-7b9d3a90a94d}</UniqueIdentifier>
    </Filter>
    <Filter Include="External\xml">
      <UniqueIdentifier>{6f1deb8c-848a-4521-86c8-2d68b7866ea7}</UniqueIdentifier>
    </Filter>
  </ItemGroup>
</Project>