<?xml version="1.0" encoding="utf-8"?>
<Project ToolsVersion="4.0" xmlns="http://schemas.microsoft.com/developer/msbuild/2003">
  <ItemGroup>
    <ClCompile Include="Application.cpp">
      <Filter>Framework</Filter>
    </ClCompile>
    <ClCompile Include="Base.cpp">
      <Filter>Framework</Filter>
    </ClCompile>
    <ClCompile Include="Component.cpp">
      <Filter>Framework</Filter>
    </ClCompile>
    <ClCompile Include="Object.cpp">
      <Filter>Framework</Filter>
    </ClCompile>
    <ClCompile Include="Scenario.cpp">
      <Filter>Framework</Filter>
    </ClCompile>
    <ClCompile Include="Scene.cpp">
      <Filter>Framework</Filter>
    </ClCompile>
    <ClCompile Include="Utility.cpp">
      <Filter>Framework</Filter>
    </ClCompile>
    <ClCompile Include="D3D11RHI.cpp">
      <Filter>D3D11</Filter>
    </ClCompile>
    <ClCompile Include="D3D11Camera.cpp">
      <Filter>D3D11</Filter>
    </ClCompile>
    <ClCompile Include="D3D11Primitive.cpp">
      <Filter>D3D11</Filter>
    </ClCompile>
    <ClCompile Include="PrimitiveComponent.cpp">
      <Filter>Framework</Filter>
    </ClCompile>
  </ItemGroup>
  <ItemGroup>
    <ClInclude Include="Application.h">
      <Filter>Framework</Filter>
    </ClInclude>
    <ClInclude Include="Base.h">
      <Filter>Framework</Filter>
    </ClInclude>
    <ClInclude Include="Component.h">
      <Filter>Framework</Filter>
    </ClInclude>
    <ClInclude Include="dotth.h">
      <Filter>Framework</Filter>
    </ClInclude>
    <ClInclude Include="Node.h">
      <Filter>Framework</Filter>
    </ClInclude>
    <ClInclude Include="Object.h">
      <Filter>Framework</Filter>
    </ClInclude>
    <ClInclude Include="Scenario.h">
      <Filter>Framework</Filter>
    </ClInclude>
    <ClInclude Include="Scene.h">
      <Filter>Framework</Filter>
    </ClInclude>
    <ClInclude Include="SingleInstance.h">
      <Filter>Framework</Filter>
    </ClInclude>
    <ClInclude Include="Utility.h">
      <Filter>Framework</Filter>
    </ClInclude>
    <ClInclude Include="D3D11RHI.h">
      <Filter>D3D11</Filter>
    </ClInclude>
    <ClInclude Include="D3D11Camera.h">
      <Filter>D3D11</Filter>
    </ClInclude>
    <ClInclude Include="D3D11.h">
      <Filter>D3D11</Filter>
    </ClInclude>
    <ClInclude Include="D3D11Primitive.h">
      <Filter>D3D11</Filter>
    </ClInclude>
    <ClInclude Include="PrimitiveComponent.h">
      <Filter>Framework</Filter>
    </ClInclude>
  </ItemGroup>
  <ItemGroup>
    <Filter Include="Framework">
      <UniqueIdentifier>{58fc71aa-20f1-47b9-8395-ca2aa5e02a5b}</UniqueIdentifier>
    </Filter>
    <Filter Include="D3D11">
      <UniqueIdentifier>{32fecfc4-7362-49a4-9c99-bfad5178d5d9}</UniqueIdentifier>
    </Filter>
  </ItemGroup>
</Project>